{
  "name": "@ceofyeast/prodchaincalculators-server",
  "version": "4.0.0",
  "lockfileVersion": 3,
  "requires": true,
  "packages": {
    "": {
      "name": "@ceofyeast/prodchaincalculators-server",
      "version": "4.0.0",
      "license": "ISC",
      "dependencies": {
        "@ceofyeast/prodchaincalculators": "^6.0.0"
      }
    },
    "node_modules/@ceofyeast/prodchaincalculators": {
      "version": "6.0.0",
      "resolved": "https://registry.npmjs.org/@ceofyeast/prodchaincalculators/-/prodchaincalculators-6.0.0.tgz",
      "integrity": "sha512-jOBNLEpGiBw2POFRh9m6o81oUOby1hXEKqMV2C0GYVBx0bG6r6yEz/YXpTjkcmuV8u8lGDCb83MrqO7lk9hU6w=="
    }
  }
}
